
Microsoft Visual Studio Solution File, Format Version 12.00
# Visual Studio Version 17
VisualStudioVersion = 17.9.34622.214
MinimumVisualStudioVersion = 10.0.40219.1
Project("{FAE04EC0-301F-11D3-BF4B-00C04F79EFBC}") = "VideospecTestProject.Uwp", "VideospecTestProject.Uwp\VideospecTestProject.Uwp.csproj", "{29272337-F848-4C1F-8C97-1B72CFAB6E1B}"
EndProject
Project("{2150E333-8FDC-42A3-9474-1A3956D46DE8}") = "Core", "Core", "{B67AA070-D33D-4C5E-83A4-2B1654D5ABA4}"
EndProject
Project("{2150E333-8FDC-42A3-9474-1A3956D46DE8}") = "Tests", "Tests", "{C2689F16-21BC-4C11-A0E9-040331001088}"
EndProject
Project("{2150E333-8FDC-42A3-9474-1A3956D46DE8}") = "Core", "Core", "{70BF1E1C-604F-4D4D-A3A1-8B02FE13EF43}"
EndProject
Project("{2150E333-8FDC-42A3-9474-1A3956D46DE8}") = "ViewModel", "ViewModel", "{36B38759-F3A4-4E04-9EA8-94656720A5DD}"
EndProject
Project("{2150E333-8FDC-42A3-9474-1A3956D46DE8}") = "View", "View", "{4A60051A-5E02-469D-9D33-3C4EDEF05176}"
EndProject
Project("{FAE04EC0-301F-11D3-BF4B-00C04F79EFBC}") = "Services", "Services\Services.csproj", "{B828F003-066D-4830-A25B-C6529474A7BE}"
EndProject
Project("{FAE04EC0-301F-11D3-BF4B-00C04F79EFBC}") = "ViewModelBase", "ViewModelBase\ViewModelBase.csproj", "{B8D1C2CC-5158-4665-828F-47887C3A7859}"
EndProject
Project("{FAE04EC0-301F-11D3-BF4B-00C04F79EFBC}") = "VideospecTestProject.MSTest", "VideospecTestProject.MSTest\VideospecTestProject.MSTest.csproj", "{D8086461-DC9B-4078-975F-34E2159391D0}"
EndProject
Project("{FAE04EC0-301F-11D3-BF4B-00C04F79EFBC}") = "ViewModel", "ViewModel\ViewModel.csproj", "{FECA7FC9-312D-4F8D-98C4-12310A24253F}"
EndProject
Global
	GlobalSection(SolutionConfigurationPlatforms) = preSolution
		Debug|Any CPU = Debug|Any CPU
		Debug|ARM = Debug|ARM
		Debug|ARM64 = Debug|ARM64
		Debug|x64 = Debug|x64
		Debug|x86 = Debug|x86
		Release|Any CPU = Release|Any CPU
		Release|ARM = Release|ARM
		Release|ARM64 = Release|ARM64
		Release|x64 = Release|x64
		Release|x86 = Release|x86
	EndGlobalSection
	GlobalSection(ProjectConfigurationPlatforms) = postSolution
		{29272337-F848-4C1F-8C97-1B72CFAB6E1B}.Debug|Any CPU.ActiveCfg = Debug|x64
		{29272337-F848-4C1F-8C97-1B72CFAB6E1B}.Debug|Any CPU.Build.0 = Debug|x64
		{29272337-F848-4C1F-8C97-1B72CFAB6E1B}.Debug|Any CPU.Deploy.0 = Debug|x64
		{29272337-F848-4C1F-8C97-1B72CFAB6E1B}.Debug|ARM.ActiveCfg = Debug|ARM
		{29272337-F848-4C1F-8C97-1B72CFAB6E1B}.Debug|ARM.Build.0 = Debug|ARM
		{29272337-F848-4C1F-8C97-1B72CFAB6E1B}.Debug|ARM.Deploy.0 = Debug|ARM
		{29272337-F848-4C1F-8C97-1B72CFAB6E1B}.Debug|ARM64.ActiveCfg = Debug|ARM64
		{29272337-F848-4C1F-8C97-1B72CFAB6E1B}.Debug|ARM64.Build.0 = Debug|ARM64
		{29272337-F848-4C1F-8C97-1B72CFAB6E1B}.Debug|ARM64.Deploy.0 = Debug|ARM64
		{29272337-F848-4C1F-8C97-1B72CFAB6E1B}.Debug|x64.ActiveCfg = Debug|x64
		{29272337-F848-4C1F-8C97-1B72CFAB6E1B}.Debug|x64.Build.0 = Debug|x64
		{29272337-F848-4C1F-8C97-1B72CFAB6E1B}.Debug|x64.Deploy.0 = Debug|x64
		{29272337-F848-4C1F-8C97-1B72CFAB6E1B}.Debug|x86.ActiveCfg = Debug|x86
		{29272337-F848-4C1F-8C97-1B72CFAB6E1B}.Debug|x86.Build.0 = Debug|x86
		{29272337-F848-4C1F-8C97-1B72CFAB6E1B}.Debug|x86.Deploy.0 = Debug|x86
		{29272337-F848-4C1F-8C97-1B72CFAB6E1B}.Release|Any CPU.ActiveCfg = Release|x64
		{29272337-F848-4C1F-8C97-1B72CFAB6E1B}.Release|Any CPU.Build.0 = Release|x64
		{29272337-F848-4C1F-8C97-1B72CFAB6E1B}.Release|Any CPU.Deploy.0 = Release|x64
		{29272337-F848-4C1F-8C97-1B72CFAB6E1B}.Release|ARM.ActiveCfg = Release|ARM
		{29272337-F848-4C1F-8C97-1B72CFAB6E1B}.Release|ARM.Build.0 = Release|ARM
		{29272337-F848-4C1F-8C97-1B72CFAB6E1B}.Release|ARM.Deploy.0 = Release|ARM
		{29272337-F848-4C1F-8C97-1B72CFAB6E1B}.Release|ARM64.ActiveCfg = Release|ARM64
		{29272337-F848-4C1F-8C97-1B72CFAB6E1B}.Release|ARM64.Build.0 = Release|ARM64
		{29272337-F848-4C1F-8C97-1B72CFAB6E1B}.Release|ARM64.Deploy.0 = Release|ARM64
		{29272337-F848-4C1F-8C97-1B72CFAB6E1B}.Release|x64.ActiveCfg = Release|x64
		{29272337-F848-4C1F-8C97-1B72CFAB6E1B}.Release|x64.Build.0 = Release|x64
		{29272337-F848-4C1F-8C97-1B72CFAB6E1B}.Release|x64.Deploy.0 = Release|x64
		{29272337-F848-4C1F-8C97-1B72CFAB6E1B}.Release|x86.ActiveCfg = Release|x86
		{29272337-F848-4C1F-8C97-1B72CFAB6E1B}.Release|x86.Build.0 = Release|x86
		{29272337-F848-4C1F-8C97-1B72CFAB6E1B}.Release|x86.Deploy.0 = Release|x86
		{B828F003-066D-4830-A25B-C6529474A7BE}.Debug|Any CPU.ActiveCfg = Debug|Any CPU
		{B828F003-066D-4830-A25B-C6529474A7BE}.Debug|Any CPU.Build.0 = Debug|Any CPU
		{B828F003-066D-4830-A25B-C6529474A7BE}.Debug|ARM.ActiveCfg = Debug|ARM
		{B828F003-066D-4830-A25B-C6529474A7BE}.Debug|ARM.Build.0 = Debug|ARM
		{B828F003-066D-4830-A25B-C6529474A7BE}.Debug|ARM64.ActiveCfg = Debug|ARM64
		{B828F003-066D-4830-A25B-C6529474A7BE}.Debug|ARM64.Build.0 = Debug|ARM64
		{B828F003-066D-4830-A25B-C6529474A7BE}.Debug|x64.ActiveCfg = Debug|x64
		{B828F003-066D-4830-A25B-C6529474A7BE}.Debug|x64.Build.0 = Debug|x64
		{B828F003-066D-4830-A25B-C6529474A7BE}.Debug|x86.ActiveCfg = Debug|x86
		{B828F003-066D-4830-A25B-C6529474A7BE}.Debug|x86.Build.0 = Debug|x86
		{B828F003-066D-4830-A25B-C6529474A7BE}.Release|Any CPU.ActiveCfg = Release|Any CPU
		{B828F003-066D-4830-A25B-C6529474A7BE}.Release|Any CPU.Build.0 = Release|Any CPU
		{B828F003-066D-4830-A25B-C6529474A7BE}.Release|ARM.ActiveCfg = Release|ARM
		{B828F003-066D-4830-A25B-C6529474A7BE}.Release|ARM.Build.0 = Release|ARM
		{B828F003-066D-4830-A25B-C6529474A7BE}.Release|ARM64.ActiveCfg = Release|ARM64
		{B828F003-066D-4830-A25B-C6529474A7BE}.Release|ARM64.Build.0 = Release|ARM64
		{B828F003-066D-4830-A25B-C6529474A7BE}.Release|x64.ActiveCfg = Release|x64
		{B828F003-066D-4830-A25B-C6529474A7BE}.Release|x64.Build.0 = Release|x64
		{B828F003-066D-4830-A25B-C6529474A7BE}.Release|x86.ActiveCfg = Release|x86
		{B828F003-066D-4830-A25B-C6529474A7BE}.Release|x86.Build.0 = Release|x86
		{B8D1C2CC-5158-4665-828F-47887C3A7859}.Debug|Any CPU.ActiveCfg = Debug|Any CPU
		{B8D1C2CC-5158-4665-828F-47887C3A7859}.Debug|Any CPU.Build.0 = Debug|Any CPU
		{B8D1C2CC-5158-4665-828F-47887C3A7859}.Debug|ARM.ActiveCfg = Debug|ARM
		{B8D1C2CC-5158-4665-828F-47887C3A7859}.Debug|ARM.Build.0 = Debug|ARM
		{B8D1C2CC-5158-4665-828F-47887C3A7859}.Debug|ARM64.ActiveCfg = Debug|ARM64
		{B8D1C2CC-5158-4665-828F-47887C3A7859}.Debug|ARM64.Build.0 = Debug|ARM64
		{B8D1C2CC-5158-4665-828F-47887C3A7859}.Debug|x64.ActiveCfg = Debug|x64
		{B8D1C2CC-5158-4665-828F-47887C3A7859}.Debug|x64.Build.0 = Debug|x64
		{B8D1C2CC-5158-4665-828F-47887C3A7859}.Debug|x86.ActiveCfg = Debug|x86
		{B8D1C2CC-5158-4665-828F-47887C3A7859}.Debug|x86.Build.0 = Debug|x86
		{B8D1C2CC-5158-4665-828F-47887C3A7859}.Release|Any CPU.ActiveCfg = Release|Any CPU
		{B8D1C2CC-5158-4665-828F-47887C3A7859}.Release|Any CPU.Build.0 = Release|Any CPU
		{B8D1C2CC-5158-4665-828F-47887C3A7859}.Release|ARM.ActiveCfg = Release|ARM
		{B8D1C2CC-5158-4665-828F-47887C3A7859}.Release|ARM.Build.0 = Release|ARM
		{B8D1C2CC-5158-4665-828F-47887C3A7859}.Release|ARM64.ActiveCfg = Release|ARM64
		{B8D1C2CC-5158-4665-828F-47887C3A7859}.Release|ARM64.Build.0 = Release|ARM64
		{B8D1C2CC-5158-4665-828F-47887C3A7859}.Release|x64.ActiveCfg = Release|x64
		{B8D1C2CC-5158-4665-828F-47887C3A7859}.Release|x64.Build.0 = Release|x64
		{B8D1C2CC-5158-4665-828F-47887C3A7859}.Release|x86.ActiveCfg = Release|x86
		{B8D1C2CC-5158-4665-828F-47887C3A7859}.Release|x86.Build.0 = Release|x86
		{D8086461-DC9B-4078-975F-34E2159391D0}.Debug|Any CPU.ActiveCfg = Debug|x64
		{D8086461-DC9B-4078-975F-34E2159391D0}.Debug|Any CPU.Build.0 = Debug|x64
		{D8086461-DC9B-4078-975F-34E2159391D0}.Debug|Any CPU.Deploy.0 = Debug|x64
		{D8086461-DC9B-4078-975F-34E2159391D0}.Debug|ARM.ActiveCfg = Debug|ARM
		{D8086461-DC9B-4078-975F-34E2159391D0}.Debug|ARM.Build.0 = Debug|ARM
		{D8086461-DC9B-4078-975F-34E2159391D0}.Debug|ARM.Deploy.0 = Debug|ARM
		{D8086461-DC9B-4078-975F-34E2159391D0}.Debug|ARM64.ActiveCfg = Debug|ARM64
		{D8086461-DC9B-4078-975F-34E2159391D0}.Debug|ARM64.Build.0 = Debug|ARM64
		{D8086461-DC9B-4078-975F-34E2159391D0}.Debug|ARM64.Deploy.0 = Debug|ARM64
		{D8086461-DC9B-4078-975F-34E2159391D0}.Debug|x64.ActiveCfg = Debug|x64
		{D8086461-DC9B-4078-975F-34E2159391D0}.Debug|x64.Build.0 = Debug|x64
		{D8086461-DC9B-4078-975F-34E2159391D0}.Debug|x64.Deploy.0 = Debug|x64
		{D8086461-DC9B-4078-975F-34E2159391D0}.Debug|x86.ActiveCfg = Debug|x86
		{D8086461-DC9B-4078-975F-34E2159391D0}.Debug|x86.Build.0 = Debug|x86
		{D8086461-DC9B-4078-975F-34E2159391D0}.Debug|x86.Deploy.0 = Debug|x86
		{D8086461-DC9B-4078-975F-34E2159391D0}.Release|Any CPU.ActiveCfg = Release|x64
		{D8086461-DC9B-4078-975F-34E2159391D0}.Release|Any CPU.Build.0 = Release|x64
		{D8086461-DC9B-4078-975F-34E2159391D0}.Release|Any CPU.Deploy.0 = Release|x64
		{D8086461-DC9B-4078-975F-34E2159391D0}.Release|ARM.ActiveCfg = Release|ARM
		{D8086461-DC9B-4078-975F-34E2159391D0}.Release|ARM.Build.0 = Release|ARM
		{D8086461-DC9B-4078-975F-34E2159391D0}.Release|ARM.Deploy.0 = Release|ARM
		{D8086461-DC9B-4078-975F-34E2159391D0}.Release|ARM64.ActiveCfg = Release|ARM64
		{D8086461-DC9B-4078-975F-34E2159391D0}.Release|ARM64.Build.0 = Release|ARM64
		{D8086461-DC9B-4078-975F-34E2159391D0}.Release|ARM64.Deploy.0 = Release|ARM64
		{D8086461-DC9B-4078-975F-34E2159391D0}.Release|x64.ActiveCfg = Release|x64
		{D8086461-DC9B-4078-975F-34E2159391D0}.Release|x64.Build.0 = Release|x64
		{D8086461-DC9B-4078-975F-34E2159391D0}.Release|x64.Deploy.0 = Release|x64
		{D8086461-DC9B-4078-975F-34E2159391D0}.Release|x86.ActiveCfg = Release|x86
		{D8086461-DC9B-4078-975F-34E2159391D0}.Release|x86.Build.0 = Release|x86
		{D8086461-DC9B-4078-975F-34E2159391D0}.Release|x86.Deploy.0 = Release|x86
		{FECA7FC9-312D-4F8D-98C4-12310A24253F}.Debug|Any CPU.ActiveCfg = Debug|Any CPU
		{FECA7FC9-312D-4F8D-98C4-12310A24253F}.Debug|Any CPU.Build.0 = Debug|Any CPU
		{FECA7FC9-312D-4F8D-98C4-12310A24253F}.Debug|ARM.ActiveCfg = Debug|ARM
		{FECA7FC9-312D-4F8D-98C4-12310A24253F}.Debug|ARM.Build.0 = Debug|ARM
		{FECA7FC9-312D-4F8D-98C4-12310A24253F}.Debug|ARM64.ActiveCfg = Debug|ARM64
		{FECA7FC9-312D-4F8D-98C4-12310A24253F}.Debug|ARM64.Build.0 = Debug|ARM64
		{FECA7FC9-312D-4F8D-98C4-12310A24253F}.Debug|x64.ActiveCfg = Debug|x64
		{FECA7FC9-312D-4F8D-98C4-12310A24253F}.Debug|x64.Build.0 = Debug|x64
		{FECA7FC9-312D-4F8D-98C4-12310A24253F}.Debug|x86.ActiveCfg = Debug|x86
		{FECA7FC9-312D-4F8D-98C4-12310A24253F}.Debug|x86.Build.0 = Debug|x86
		{FECA7FC9-312D-4F8D-98C4-12310A24253F}.Release|Any CPU.ActiveCfg = Release|Any CPU
		{FECA7FC9-312D-4F8D-98C4-12310A24253F}.Release|Any CPU.Build.0 = Release|Any CPU
		{FECA7FC9-312D-4F8D-98C4-12310A24253F}.Release|ARM.ActiveCfg = Release|ARM
		{FECA7FC9-312D-4F8D-98C4-12310A24253F}.Release|ARM.Build.0 = Release|ARM
		{FECA7FC9-312D-4F8D-98C4-12310A24253F}.Release|ARM64.ActiveCfg = Release|ARM64
		{FECA7FC9-312D-4F8D-98C4-12310A24253F}.Release|ARM64.Build.0 = Release|ARM64
		{FECA7FC9-312D-4F8D-98C4-12310A24253F}.Release|x64.ActiveCfg = Release|x64
		{FECA7FC9-312D-4F8D-98C4-12310A24253F}.Release|x64.Build.0 = Release|x64
		{FECA7FC9-312D-4F8D-98C4-12310A24253F}.Release|x86.ActiveCfg = Release|x86
		{FECA7FC9-312D-4F8D-98C4-12310A24253F}.Release|x86.Build.0 = Release|x86
	EndGlobalSection
	GlobalSection(SolutionProperties) = preSolution
		HideSolutionNode = FALSE
	EndGlobalSection
	GlobalSection(NestedProjects) = preSolution
		{29272337-F848-4C1F-8C97-1B72CFAB6E1B} = {4A60051A-5E02-469D-9D33-3C4EDEF05176}
		{70BF1E1C-604F-4D4D-A3A1-8B02FE13EF43} = {C2689F16-21BC-4C11-A0E9-040331001088}
		{B828F003-066D-4830-A25B-C6529474A7BE} = {B67AA070-D33D-4C5E-83A4-2B1654D5ABA4}
		{B8D1C2CC-5158-4665-828F-47887C3A7859} = {36B38759-F3A4-4E04-9EA8-94656720A5DD}
		{D8086461-DC9B-4078-975F-34E2159391D0} = {70BF1E1C-604F-4D4D-A3A1-8B02FE13EF43}
		{FECA7FC9-312D-4F8D-98C4-12310A24253F} = {36B38759-F3A4-4E04-9EA8-94656720A5DD}
	EndGlobalSection
	GlobalSection(ExtensibilityGlobals) = postSolution
		SolutionGuid = {7B609260-477F-4B20-A4FB-BC1F591B2335}
	EndGlobalSection
EndGlobal
