
Microsoft Visual Studio Solution File, Format Version 12.00
# Visual Studio Version 17
VisualStudioVersion = 17.9.34622.214
MinimumVisualStudioVersion = 10.0.40219.1
Project("{FAE04EC0-301F-11D3-BF4B-00C04F79EFBC}") = "VideospecTestProject.Uwp", "VideospecTestProject.Uwp\VideospecTestProject.Uwp.csproj", "{29272337-F848-4C1F-8C97-1B72CFAB6E1B}"
EndProject
Project("{2150E333-8FDC-42A3-9474-1A3956D46DE8}") = "Core", "Core", "{B67AA070-D33D-4C5E-83A4-2B1654D5ABA4}"
EndProject
Project("{2150E333-8FDC-42A3-9474-1A3956D46DE8}") = "Tests", "Tests", "{C2689F16-21BC-4C11-A0E9-040331001088}"
EndProject
Project("{2150E333-8FDC-42A3-9474-1A3956D46DE8}") = "Core", "Core", "{70BF1E1C-604F-4D4D-A3A1-8B02FE13EF43}"
EndProject
Project("{2150E333-8FDC-42A3-9474-1A3956D46DE8}") = "ViewModel", "ViewModel", "{36B38759-F3A4-4E04-9EA8-94656720A5DD}"
EndProject
Project("{2150E333-8FDC-42A3-9474-1A3956D46DE8}") = "View", "View", "{4A60051A-5E02-469D-9D33-3C4EDEF05176}"
EndProject
Project("{FAE04EC0-301F-11D3-BF4B-00C04F79EFBC}") = "ViewModelBase", "ViewModelBase\ViewModelBase.csproj", "{B8D1C2CC-5158-4665-828F-47887C3A7859}"
EndProject
Project("{FAE04EC0-301F-11D3-BF4B-00C04F79EFBC}") = "ViewModel", "ViewModel\ViewModel.csproj", "{FECA7FC9-312D-4F8D-98C4-12310A24253F}"
EndProject
Project("{9A19103F-16F7-4668-BE54-9A1E7A4F7556}") = "DataModel", "DataModel\DataModel.csproj", "{6596F385-DE94-49E4-B8C4-FF4F98B2D833}"
EndProject
Project("{9A19103F-16F7-4668-BE54-9A1E7A4F7556}") = "ReceiptService", "ReceiptService\ReceiptService.csproj", "{4E366291-4F85-4A60-B7BD-BC2CEACFEDAA}"
EndProject
Project("{9A19103F-16F7-4668-BE54-9A1E7A4F7556}") = "Protocols", "Protocols\Protocols.csproj", "{E7810877-4F8B-4BE8-939E-9328295530FE}"
EndProject
Project("{9A19103F-16F7-4668-BE54-9A1E7A4F7556}") = "ReceiptServiceTests", "ReceiptServiceTests\ReceiptServiceTests.csproj", "{2CA7C5AC-287B-44AC-8758-0768E1A4F28D}"
EndProject
Project("{9A19103F-16F7-4668-BE54-9A1E7A4F7556}") = "Helpers", "Helpers\Helpers.csproj", "{FB4B5AEF-AEDA-43EF-A932-F1375F298E01}"
EndProject
Project("{9A19103F-16F7-4668-BE54-9A1E7A4F7556}") = "DataModelTests", "DataModelTests\DataModelTests.csproj", "{85647D37-3C6E-4EA9-B403-3639853DB4EA}"
EndProject
Global
	GlobalSection(SolutionConfigurationPlatforms) = preSolution
		Debug|Any CPU = Debug|Any CPU
		Debug|ARM = Debug|ARM
		Debug|ARM64 = Debug|ARM64
		Debug|x64 = Debug|x64
		Debug|x86 = Debug|x86
		Release|Any CPU = Release|Any CPU
		Release|ARM = Release|ARM
		Release|ARM64 = Release|ARM64
		Release|x64 = Release|x64
		Release|x86 = Release|x86
	EndGlobalSection
	GlobalSection(ProjectConfigurationPlatforms) = postSolution
		{29272337-F848-4C1F-8C97-1B72CFAB6E1B}.Debug|Any CPU.ActiveCfg = Debug|x64
		{29272337-F848-4C1F-8C97-1B72CFAB6E1B}.Debug|Any CPU.Build.0 = Debug|x64
		{29272337-F848-4C1F-8C97-1B72CFAB6E1B}.Debug|Any CPU.Deploy.0 = Debug|x64
		{29272337-F848-4C1F-8C97-1B72CFAB6E1B}.Debug|ARM.ActiveCfg = Debug|ARM
		{29272337-F848-4C1F-8C97-1B72CFAB6E1B}.Debug|ARM.Build.0 = Debug|ARM
		{29272337-F848-4C1F-8C97-1B72CFAB6E1B}.Debug|ARM.Deploy.0 = Debug|ARM
		{29272337-F848-4C1F-8C97-1B72CFAB6E1B}.Debug|ARM64.ActiveCfg = Debug|ARM64
		{29272337-F848-4C1F-8C97-1B72CFAB6E1B}.Debug|ARM64.Build.0 = Debug|ARM64
		{29272337-F848-4C1F-8C97-1B72CFAB6E1B}.Debug|ARM64.Deploy.0 = Debug|ARM64
		{29272337-F848-4C1F-8C97-1B72CFAB6E1B}.Debug|x64.ActiveCfg = Debug|x64
		{29272337-F848-4C1F-8C97-1B72CFAB6E1B}.Debug|x64.Build.0 = Debug|x64
		{29272337-F848-4C1F-8C97-1B72CFAB6E1B}.Debug|x64.Deploy.0 = Debug|x64
		{29272337-F848-4C1F-8C97-1B72CFAB6E1B}.Debug|x86.ActiveCfg = Debug|x86
		{29272337-F848-4C1F-8C97-1B72CFAB6E1B}.Debug|x86.Build.0 = Debug|x86
		{29272337-F848-4C1F-8C97-1B72CFAB6E1B}.Debug|x86.Deploy.0 = Debug|x86
		{29272337-F848-4C1F-8C97-1B72CFAB6E1B}.Release|Any CPU.ActiveCfg = Release|x64
		{29272337-F848-4C1F-8C97-1B72CFAB6E1B}.Release|Any CPU.Build.0 = Release|x64
		{29272337-F848-4C1F-8C97-1B72CFAB6E1B}.Release|Any CPU.Deploy.0 = Release|x64
		{29272337-F848-4C1F-8C97-1B72CFAB6E1B}.Release|ARM.ActiveCfg = Release|ARM
		{29272337-F848-4C1F-8C97-1B72CFAB6E1B}.Release|ARM.Build.0 = Release|ARM
		{29272337-F848-4C1F-8C97-1B72CFAB6E1B}.Release|ARM.Deploy.0 = Release|ARM
		{29272337-F848-4C1F-8C97-1B72CFAB6E1B}.Release|ARM64.ActiveCfg = Release|ARM64
		{29272337-F848-4C1F-8C97-1B72CFAB6E1B}.Release|ARM64.Build.0 = Release|ARM64
		{29272337-F848-4C1F-8C97-1B72CFAB6E1B}.Release|ARM64.Deploy.0 = Release|ARM64
		{29272337-F848-4C1F-8C97-1B72CFAB6E1B}.Release|x64.ActiveCfg = Release|x64
		{29272337-F848-4C1F-8C97-1B72CFAB6E1B}.Release|x64.Build.0 = Release|x64
		{29272337-F848-4C1F-8C97-1B72CFAB6E1B}.Release|x64.Deploy.0 = Release|x64
		{29272337-F848-4C1F-8C97-1B72CFAB6E1B}.Release|x86.ActiveCfg = Release|x86
		{29272337-F848-4C1F-8C97-1B72CFAB6E1B}.Release|x86.Build.0 = Release|x86
		{29272337-F848-4C1F-8C97-1B72CFAB6E1B}.Release|x86.Deploy.0 = Release|x86
		{B8D1C2CC-5158-4665-828F-47887C3A7859}.Debug|Any CPU.ActiveCfg = Debug|Any CPU
		{B8D1C2CC-5158-4665-828F-47887C3A7859}.Debug|Any CPU.Build.0 = Debug|Any CPU
		{B8D1C2CC-5158-4665-828F-47887C3A7859}.Debug|ARM.ActiveCfg = Debug|ARM
		{B8D1C2CC-5158-4665-828F-47887C3A7859}.Debug|ARM.Build.0 = Debug|ARM
		{B8D1C2CC-5158-4665-828F-47887C3A7859}.Debug|ARM64.ActiveCfg = Debug|ARM64
		{B8D1C2CC-5158-4665-828F-47887C3A7859}.Debug|ARM64.Build.0 = Debug|ARM64
		{B8D1C2CC-5158-4665-828F-47887C3A7859}.Debug|x64.ActiveCfg = Debug|x64
		{B8D1C2CC-5158-4665-828F-47887C3A7859}.Debug|x64.Build.0 = Debug|x64
		{B8D1C2CC-5158-4665-828F-47887C3A7859}.Debug|x86.ActiveCfg = Debug|x86
		{B8D1C2CC-5158-4665-828F-47887C3A7859}.Debug|x86.Build.0 = Debug|x86
		{B8D1C2CC-5158-4665-828F-47887C3A7859}.Release|Any CPU.ActiveCfg = Release|Any CPU
		{B8D1C2CC-5158-4665-828F-47887C3A7859}.Release|Any CPU.Build.0 = Release|Any CPU
		{B8D1C2CC-5158-4665-828F-47887C3A7859}.Release|ARM.ActiveCfg = Release|ARM
		{B8D1C2CC-5158-4665-828F-47887C3A7859}.Release|ARM.Build.0 = Release|ARM
		{B8D1C2CC-5158-4665-828F-47887C3A7859}.Release|ARM64.ActiveCfg = Release|ARM64
		{B8D1C2CC-5158-4665-828F-47887C3A7859}.Release|ARM64.Build.0 = Release|ARM64
		{B8D1C2CC-5158-4665-828F-47887C3A7859}.Release|x64.ActiveCfg = Release|x64
		{B8D1C2CC-5158-4665-828F-47887C3A7859}.Release|x64.Build.0 = Release|x64
		{B8D1C2CC-5158-4665-828F-47887C3A7859}.Release|x86.ActiveCfg = Release|x86
		{B8D1C2CC-5158-4665-828F-47887C3A7859}.Release|x86.Build.0 = Release|x86
		{FECA7FC9-312D-4F8D-98C4-12310A24253F}.Debug|Any CPU.ActiveCfg = Debug|Any CPU
		{FECA7FC9-312D-4F8D-98C4-12310A24253F}.Debug|Any CPU.Build.0 = Debug|Any CPU
		{FECA7FC9-312D-4F8D-98C4-12310A24253F}.Debug|ARM.ActiveCfg = Debug|ARM
		{FECA7FC9-312D-4F8D-98C4-12310A24253F}.Debug|ARM.Build.0 = Debug|ARM
		{FECA7FC9-312D-4F8D-98C4-12310A24253F}.Debug|ARM64.ActiveCfg = Debug|ARM64
		{FECA7FC9-312D-4F8D-98C4-12310A24253F}.Debug|ARM64.Build.0 = Debug|ARM64
		{FECA7FC9-312D-4F8D-98C4-12310A24253F}.Debug|x64.ActiveCfg = Debug|x64
		{FECA7FC9-312D-4F8D-98C4-12310A24253F}.Debug|x64.Build.0 = Debug|x64
		{FECA7FC9-312D-4F8D-98C4-12310A24253F}.Debug|x86.ActiveCfg = Debug|x86
		{FECA7FC9-312D-4F8D-98C4-12310A24253F}.Debug|x86.Build.0 = Debug|x86
		{FECA7FC9-312D-4F8D-98C4-12310A24253F}.Release|Any CPU.ActiveCfg = Release|Any CPU
		{FECA7FC9-312D-4F8D-98C4-12310A24253F}.Release|Any CPU.Build.0 = Release|Any CPU
		{FECA7FC9-312D-4F8D-98C4-12310A24253F}.Release|ARM.ActiveCfg = Release|ARM
		{FECA7FC9-312D-4F8D-98C4-12310A24253F}.Release|ARM.Build.0 = Release|ARM
		{FECA7FC9-312D-4F8D-98C4-12310A24253F}.Release|ARM64.ActiveCfg = Release|ARM64
		{FECA7FC9-312D-4F8D-98C4-12310A24253F}.Release|ARM64.Build.0 = Release|ARM64
		{FECA7FC9-312D-4F8D-98C4-12310A24253F}.Release|x64.ActiveCfg = Release|x64
		{FECA7FC9-312D-4F8D-98C4-12310A24253F}.Release|x64.Build.0 = Release|x64
		{FECA7FC9-312D-4F8D-98C4-12310A24253F}.Release|x86.ActiveCfg = Release|x86
		{FECA7FC9-312D-4F8D-98C4-12310A24253F}.Release|x86.Build.0 = Release|x86
		{6596F385-DE94-49E4-B8C4-FF4F98B2D833}.Debug|Any CPU.ActiveCfg = Debug|Any CPU
		{6596F385-DE94-49E4-B8C4-FF4F98B2D833}.Debug|Any CPU.Build.0 = Debug|Any CPU
		{6596F385-DE94-49E4-B8C4-FF4F98B2D833}.Debug|ARM.ActiveCfg = Debug|Any CPU
		{6596F385-DE94-49E4-B8C4-FF4F98B2D833}.Debug|ARM.Build.0 = Debug|Any CPU
		{6596F385-DE94-49E4-B8C4-FF4F98B2D833}.Debug|ARM64.ActiveCfg = Debug|Any CPU
		{6596F385-DE94-49E4-B8C4-FF4F98B2D833}.Debug|ARM64.Build.0 = Debug|Any CPU
		{6596F385-DE94-49E4-B8C4-FF4F98B2D833}.Debug|x64.ActiveCfg = Debug|Any CPU
		{6596F385-DE94-49E4-B8C4-FF4F98B2D833}.Debug|x64.Build.0 = Debug|Any CPU
		{6596F385-DE94-49E4-B8C4-FF4F98B2D833}.Debug|x86.ActiveCfg = Debug|Any CPU
		{6596F385-DE94-49E4-B8C4-FF4F98B2D833}.Debug|x86.Build.0 = Debug|Any CPU
		{6596F385-DE94-49E4-B8C4-FF4F98B2D833}.Release|Any CPU.ActiveCfg = Release|Any CPU
		{6596F385-DE94-49E4-B8C4-FF4F98B2D833}.Release|Any CPU.Build.0 = Release|Any CPU
		{6596F385-DE94-49E4-B8C4-FF4F98B2D833}.Release|ARM.ActiveCfg = Release|Any CPU
		{6596F385-DE94-49E4-B8C4-FF4F98B2D833}.Release|ARM.Build.0 = Release|Any CPU
		{6596F385-DE94-49E4-B8C4-FF4F98B2D833}.Release|ARM64.ActiveCfg = Release|Any CPU
		{6596F385-DE94-49E4-B8C4-FF4F98B2D833}.Release|ARM64.Build.0 = Release|Any CPU
		{6596F385-DE94-49E4-B8C4-FF4F98B2D833}.Release|x64.ActiveCfg = Release|Any CPU
		{6596F385-DE94-49E4-B8C4-FF4F98B2D833}.Release|x64.Build.0 = Release|Any CPU
		{6596F385-DE94-49E4-B8C4-FF4F98B2D833}.Release|x86.ActiveCfg = Release|Any CPU
		{6596F385-DE94-49E4-B8C4-FF4F98B2D833}.Release|x86.Build.0 = Release|Any CPU
		{4E366291-4F85-4A60-B7BD-BC2CEACFEDAA}.Debug|Any CPU.ActiveCfg = Debug|Any CPU
		{4E366291-4F85-4A60-B7BD-BC2CEACFEDAA}.Debug|Any CPU.Build.0 = Debug|Any CPU
		{4E366291-4F85-4A60-B7BD-BC2CEACFEDAA}.Debug|ARM.ActiveCfg = Debug|Any CPU
		{4E366291-4F85-4A60-B7BD-BC2CEACFEDAA}.Debug|ARM.Build.0 = Debug|Any CPU
		{4E366291-4F85-4A60-B7BD-BC2CEACFEDAA}.Debug|ARM64.ActiveCfg = Debug|Any CPU
		{4E366291-4F85-4A60-B7BD-BC2CEACFEDAA}.Debug|ARM64.Build.0 = Debug|Any CPU
		{4E366291-4F85-4A60-B7BD-BC2CEACFEDAA}.Debug|x64.ActiveCfg = Debug|Any CPU
		{4E366291-4F85-4A60-B7BD-BC2CEACFEDAA}.Debug|x64.Build.0 = Debug|Any CPU
		{4E366291-4F85-4A60-B7BD-BC2CEACFEDAA}.Debug|x86.ActiveCfg = Debug|Any CPU
		{4E366291-4F85-4A60-B7BD-BC2CEACFEDAA}.Debug|x86.Build.0 = Debug|Any CPU
		{4E366291-4F85-4A60-B7BD-BC2CEACFEDAA}.Release|Any CPU.ActiveCfg = Release|Any CPU
		{4E366291-4F85-4A60-B7BD-BC2CEACFEDAA}.Release|Any CPU.Build.0 = Release|Any CPU
		{4E366291-4F85-4A60-B7BD-BC2CEACFEDAA}.Release|ARM.ActiveCfg = Release|Any CPU
		{4E366291-4F85-4A60-B7BD-BC2CEACFEDAA}.Release|ARM.Build.0 = Release|Any CPU
		{4E366291-4F85-4A60-B7BD-BC2CEACFEDAA}.Release|ARM64.ActiveCfg = Release|Any CPU
		{4E366291-4F85-4A60-B7BD-BC2CEACFEDAA}.Release|ARM64.Build.0 = Release|Any CPU
		{4E366291-4F85-4A60-B7BD-BC2CEACFEDAA}.Release|x64.ActiveCfg = Release|Any CPU
		{4E366291-4F85-4A60-B7BD-BC2CEACFEDAA}.Release|x64.Build.0 = Release|Any CPU
		{4E366291-4F85-4A60-B7BD-BC2CEACFEDAA}.Release|x86.ActiveCfg = Release|Any CPU
		{4E366291-4F85-4A60-B7BD-BC2CEACFEDAA}.Release|x86.Build.0 = Release|Any CPU
		{E7810877-4F8B-4BE8-939E-9328295530FE}.Debug|Any CPU.ActiveCfg = Debug|Any CPU
		{E7810877-4F8B-4BE8-939E-9328295530FE}.Debug|Any CPU.Build.0 = Debug|Any CPU
		{E7810877-4F8B-4BE8-939E-9328295530FE}.Debug|ARM.ActiveCfg = Debug|Any CPU
		{E7810877-4F8B-4BE8-939E-9328295530FE}.Debug|ARM.Build.0 = Debug|Any CPU
		{E7810877-4F8B-4BE8-939E-9328295530FE}.Debug|ARM64.ActiveCfg = Debug|Any CPU
		{E7810877-4F8B-4BE8-939E-9328295530FE}.Debug|ARM64.Build.0 = Debug|Any CPU
		{E7810877-4F8B-4BE8-939E-9328295530FE}.Debug|x64.ActiveCfg = Debug|Any CPU
		{E7810877-4F8B-4BE8-939E-9328295530FE}.Debug|x64.Build.0 = Debug|Any CPU
		{E7810877-4F8B-4BE8-939E-9328295530FE}.Debug|x86.ActiveCfg = Debug|Any CPU
		{E7810877-4F8B-4BE8-939E-9328295530FE}.Debug|x86.Build.0 = Debug|Any CPU
		{E7810877-4F8B-4BE8-939E-9328295530FE}.Release|Any CPU.ActiveCfg = Release|Any CPU
		{E7810877-4F8B-4BE8-939E-9328295530FE}.Release|Any CPU.Build.0 = Release|Any CPU
		{E7810877-4F8B-4BE8-939E-9328295530FE}.Release|ARM.ActiveCfg = Release|Any CPU
		{E7810877-4F8B-4BE8-939E-9328295530FE}.Release|ARM.Build.0 = Release|Any CPU
		{E7810877-4F8B-4BE8-939E-9328295530FE}.Release|ARM64.ActiveCfg = Release|Any CPU
		{E7810877-4F8B-4BE8-939E-9328295530FE}.Release|ARM64.Build.0 = Release|Any CPU
		{E7810877-4F8B-4BE8-939E-9328295530FE}.Release|x64.ActiveCfg = Release|Any CPU
		{E7810877-4F8B-4BE8-939E-9328295530FE}.Release|x64.Build.0 = Release|Any CPU
		{E7810877-4F8B-4BE8-939E-9328295530FE}.Release|x86.ActiveCfg = Release|Any CPU
		{E7810877-4F8B-4BE8-939E-9328295530FE}.Release|x86.Build.0 = Release|Any CPU
		{2CA7C5AC-287B-44AC-8758-0768E1A4F28D}.Debug|Any CPU.ActiveCfg = Debug|Any CPU
		{2CA7C5AC-287B-44AC-8758-0768E1A4F28D}.Debug|Any CPU.Build.0 = Debug|Any CPU
		{2CA7C5AC-287B-44AC-8758-0768E1A4F28D}.Debug|ARM.ActiveCfg = Debug|Any CPU
		{2CA7C5AC-287B-44AC-8758-0768E1A4F28D}.Debug|ARM.Build.0 = Debug|Any CPU
		{2CA7C5AC-287B-44AC-8758-0768E1A4F28D}.Debug|ARM64.ActiveCfg = Debug|Any CPU
		{2CA7C5AC-287B-44AC-8758-0768E1A4F28D}.Debug|ARM64.Build.0 = Debug|Any CPU
		{2CA7C5AC-287B-44AC-8758-0768E1A4F28D}.Debug|x64.ActiveCfg = Debug|Any CPU
		{2CA7C5AC-287B-44AC-8758-0768E1A4F28D}.Debug|x64.Build.0 = Debug|Any CPU
		{2CA7C5AC-287B-44AC-8758-0768E1A4F28D}.Debug|x86.ActiveCfg = Debug|Any CPU
		{2CA7C5AC-287B-44AC-8758-0768E1A4F28D}.Debug|x86.Build.0 = Debug|Any CPU
		{2CA7C5AC-287B-44AC-8758-0768E1A4F28D}.Release|Any CPU.ActiveCfg = Release|Any CPU
		{2CA7C5AC-287B-44AC-8758-0768E1A4F28D}.Release|Any CPU.Build.0 = Release|Any CPU
		{2CA7C5AC-287B-44AC-8758-0768E1A4F28D}.Release|ARM.ActiveCfg = Release|Any CPU
		{2CA7C5AC-287B-44AC-8758-0768E1A4F28D}.Release|ARM.Build.0 = Release|Any CPU
		{2CA7C5AC-287B-44AC-8758-0768E1A4F28D}.Release|ARM64.ActiveCfg = Release|Any CPU
		{2CA7C5AC-287B-44AC-8758-0768E1A4F28D}.Release|ARM64.Build.0 = Release|Any CPU
		{2CA7C5AC-287B-44AC-8758-0768E1A4F28D}.Release|x64.ActiveCfg = Release|Any CPU
		{2CA7C5AC-287B-44AC-8758-0768E1A4F28D}.Release|x64.Build.0 = Release|Any CPU
		{2CA7C5AC-287B-44AC-8758-0768E1A4F28D}.Release|x86.ActiveCfg = Release|Any CPU
		{2CA7C5AC-287B-44AC-8758-0768E1A4F28D}.Release|x86.Build.0 = Release|Any CPU
		{FB4B5AEF-AEDA-43EF-A932-F1375F298E01}.Debug|Any CPU.ActiveCfg = Debug|Any CPU
		{FB4B5AEF-AEDA-43EF-A932-F1375F298E01}.Debug|Any CPU.Build.0 = Debug|Any CPU
		{FB4B5AEF-AEDA-43EF-A932-F1375F298E01}.Debug|ARM.ActiveCfg = Debug|Any CPU
		{FB4B5AEF-AEDA-43EF-A932-F1375F298E01}.Debug|ARM.Build.0 = Debug|Any CPU
		{FB4B5AEF-AEDA-43EF-A932-F1375F298E01}.Debug|ARM64.ActiveCfg = Debug|Any CPU
		{FB4B5AEF-AEDA-43EF-A932-F1375F298E01}.Debug|ARM64.Build.0 = Debug|Any CPU
		{FB4B5AEF-AEDA-43EF-A932-F1375F298E01}.Debug|x64.ActiveCfg = Debug|Any CPU
		{FB4B5AEF-AEDA-43EF-A932-F1375F298E01}.Debug|x64.Build.0 = Debug|Any CPU
		{FB4B5AEF-AEDA-43EF-A932-F1375F298E01}.Debug|x86.ActiveCfg = Debug|Any CPU
		{FB4B5AEF-AEDA-43EF-A932-F1375F298E01}.Debug|x86.Build.0 = Debug|Any CPU
		{FB4B5AEF-AEDA-43EF-A932-F1375F298E01}.Release|Any CPU.ActiveCfg = Release|Any CPU
		{FB4B5AEF-AEDA-43EF-A932-F1375F298E01}.Release|Any CPU.Build.0 = Release|Any CPU
		{FB4B5AEF-AEDA-43EF-A932-F1375F298E01}.Release|ARM.ActiveCfg = Release|Any CPU
		{FB4B5AEF-AEDA-43EF-A932-F1375F298E01}.Release|ARM.Build.0 = Release|Any CPU
		{FB4B5AEF-AEDA-43EF-A932-F1375F298E01}.Release|ARM64.ActiveCfg = Release|Any CPU
		{FB4B5AEF-AEDA-43EF-A932-F1375F298E01}.Release|ARM64.Build.0 = Release|Any CPU
		{FB4B5AEF-AEDA-43EF-A932-F1375F298E01}.Release|x64.ActiveCfg = Release|Any CPU
		{FB4B5AEF-AEDA-43EF-A932-F1375F298E01}.Release|x64.Build.0 = Release|Any CPU
		{FB4B5AEF-AEDA-43EF-A932-F1375F298E01}.Release|x86.ActiveCfg = Release|Any CPU
		{FB4B5AEF-AEDA-43EF-A932-F1375F298E01}.Release|x86.Build.0 = Release|Any CPU
		{85647D37-3C6E-4EA9-B403-3639853DB4EA}.Debug|Any CPU.ActiveCfg = Debug|Any CPU
		{85647D37-3C6E-4EA9-B403-3639853DB4EA}.Debug|Any CPU.Build.0 = Debug|Any CPU
		{85647D37-3C6E-4EA9-B403-3639853DB4EA}.Debug|ARM.ActiveCfg = Debug|Any CPU
		{85647D37-3C6E-4EA9-B403-3639853DB4EA}.Debug|ARM.Build.0 = Debug|Any CPU
		{85647D37-3C6E-4EA9-B403-3639853DB4EA}.Debug|ARM64.ActiveCfg = Debug|Any CPU
		{85647D37-3C6E-4EA9-B403-3639853DB4EA}.Debug|ARM64.Build.0 = Debug|Any CPU
		{85647D37-3C6E-4EA9-B403-3639853DB4EA}.Debug|x64.ActiveCfg = Debug|Any CPU
		{85647D37-3C6E-4EA9-B403-3639853DB4EA}.Debug|x64.Build.0 = Debug|Any CPU
		{85647D37-3C6E-4EA9-B403-3639853DB4EA}.Debug|x86.ActiveCfg = Debug|Any CPU
		{85647D37-3C6E-4EA9-B403-3639853DB4EA}.Debug|x86.Build.0 = Debug|Any CPU
		{85647D37-3C6E-4EA9-B403-3639853DB4EA}.Release|Any CPU.ActiveCfg = Release|Any CPU
		{85647D37-3C6E-4EA9-B403-3639853DB4EA}.Release|Any CPU.Build.0 = Release|Any CPU
		{85647D37-3C6E-4EA9-B403-3639853DB4EA}.Release|ARM.ActiveCfg = Release|Any CPU
		{85647D37-3C6E-4EA9-B403-3639853DB4EA}.Release|ARM.Build.0 = Release|Any CPU
		{85647D37-3C6E-4EA9-B403-3639853DB4EA}.Release|ARM64.ActiveCfg = Release|Any CPU
		{85647D37-3C6E-4EA9-B403-3639853DB4EA}.Release|ARM64.Build.0 = Release|Any CPU
		{85647D37-3C6E-4EA9-B403-3639853DB4EA}.Release|x64.ActiveCfg = Release|Any CPU
		{85647D37-3C6E-4EA9-B403-3639853DB4EA}.Release|x64.Build.0 = Release|Any CPU
		{85647D37-3C6E-4EA9-B403-3639853DB4EA}.Release|x86.ActiveCfg = Release|Any CPU
		{85647D37-3C6E-4EA9-B403-3639853DB4EA}.Release|x86.Build.0 = Release|Any CPU
	EndGlobalSection
	GlobalSection(SolutionProperties) = preSolution
		HideSolutionNode = FALSE
	EndGlobalSection
	GlobalSection(NestedProjects) = preSolution
		{29272337-F848-4C1F-8C97-1B72CFAB6E1B} = {4A60051A-5E02-469D-9D33-3C4EDEF05176}
		{70BF1E1C-604F-4D4D-A3A1-8B02FE13EF43} = {C2689F16-21BC-4C11-A0E9-040331001088}
		{B8D1C2CC-5158-4665-828F-47887C3A7859} = {36B38759-F3A4-4E04-9EA8-94656720A5DD}
		{FECA7FC9-312D-4F8D-98C4-12310A24253F} = {36B38759-F3A4-4E04-9EA8-94656720A5DD}
		{6596F385-DE94-49E4-B8C4-FF4F98B2D833} = {B67AA070-D33D-4C5E-83A4-2B1654D5ABA4}
		{4E366291-4F85-4A60-B7BD-BC2CEACFEDAA} = {B67AA070-D33D-4C5E-83A4-2B1654D5ABA4}
		{E7810877-4F8B-4BE8-939E-9328295530FE} = {B67AA070-D33D-4C5E-83A4-2B1654D5ABA4}
		{2CA7C5AC-287B-44AC-8758-0768E1A4F28D} = {70BF1E1C-604F-4D4D-A3A1-8B02FE13EF43}
		{FB4B5AEF-AEDA-43EF-A932-F1375F298E01} = {B67AA070-D33D-4C5E-83A4-2B1654D5ABA4}
		{85647D37-3C6E-4EA9-B403-3639853DB4EA} = {70BF1E1C-604F-4D4D-A3A1-8B02FE13EF43}
	EndGlobalSection
	GlobalSection(ExtensibilityGlobals) = postSolution
		SolutionGuid = {7B609260-477F-4B20-A4FB-BC1F591B2335}
	EndGlobalSection
EndGlobal
